
Microsoft Visual Studio Solution File, Format Version 12.00
# Visual Studio Version 17
VisualStudioVersion = 17.5.33516.290
MinimumVisualStudioVersion = 10.0.40219.1
Project("{FAE04EC0-301F-11D3-BF4B-00C04F79EFBC}") = "ResumeRevamp", "ResumeRevamp\ResumeRevamp.csproj", "{C5335F96-99A6-4A47-83DF-ECED481D1E1B}"
EndProject
Global
	GlobalSection(SolutionConfigurationPlatforms) = preSolution
		Debug|Any CPU = Debug|Any CPU
		Release|Any CPU = Release|Any CPU
	EndGlobalSection
	GlobalSection(ProjectConfigurationPlatforms) = postSolution
		{C5335F96-99A6-4A47-83DF-ECED481D1E1B}.Debug|Any CPU.ActiveCfg = Debug|Any CPU
		{C5335F96-99A6-4A47-83DF-ECED481D1E1B}.Debug|Any CPU.Build.0 = Debug|Any CPU
		{C5335F96-99A6-4A47-83DF-ECED481D1E1B}.Release|Any CPU.ActiveCfg = Release|Any CPU
		{C5335F96-99A6-4A47-83DF-ECED481D1E1B}.Release|Any CPU.Build.0 = Release|Any CPU
	EndGlobalSection
	GlobalSection(SolutionProperties) = preSolution
		HideSolutionNode = FALSE
	EndGlobalSection
	GlobalSection(ExtensibilityGlobals) = postSolution
		SolutionGuid = {29CCCE39-6EA5-4209-A70B-607F7A7E749B}
	EndGlobalSection
EndGlobal
